
Microsoft Visual Studio Solution File, Format Version 12.00
# Visual Studio Version 17
VisualStudioVersion = 17.0.31611.283
MinimumVisualStudioVersion = 10.0.40219.1
Project("{9A19103F-16F7-4668-BE54-9A1E7A4F7556}") = "NMM", "NMM\NMM.csproj", "{BD586DEC-1F03-4B42-A001-63129F3F000D}"
EndProject
Project("{9A19103F-16F7-4668-BE54-9A1E7A4F7556}") = "NMMModel", "NMMModel\NMMModel.csproj", "{1977E35F-CCF2-4F3D-A486-97B3C660B53F}"
EndProject
Project("{FAE04EC0-301F-11D3-BF4B-00C04F79EFBC}") = "NMM_Model_Test", "NMM_Model_Test\NMM_Model_Test.csproj", "{3FC66D0C-B029-441B-AF73-5C84501A034F}"
EndProject
Global
	GlobalSection(SolutionConfigurationPlatforms) = preSolution
		Debug|Any CPU = Debug|Any CPU
		Release|Any CPU = Release|Any CPU
	EndGlobalSection
	GlobalSection(ProjectConfigurationPlatforms) = postSolution
		{BD586DEC-1F03-4B42-A001-63129F3F000D}.Debug|Any CPU.ActiveCfg = Debug|Any CPU
		{BD586DEC-1F03-4B42-A001-63129F3F000D}.Debug|Any CPU.Build.0 = Debug|Any CPU
		{BD586DEC-1F03-4B42-A001-63129F3F000D}.Debug|Any CPU.Deploy.0 = Debug|Any CPU
		{BD586DEC-1F03-4B42-A001-63129F3F000D}.Release|Any CPU.ActiveCfg = Release|Any CPU
		{BD586DEC-1F03-4B42-A001-63129F3F000D}.Release|Any CPU.Build.0 = Release|Any CPU
		{BD586DEC-1F03-4B42-A001-63129F3F000D}.Release|Any CPU.Deploy.0 = Release|Any CPU
		{1977E35F-CCF2-4F3D-A486-97B3C660B53F}.Debug|Any CPU.ActiveCfg = Debug|Any CPU
		{1977E35F-CCF2-4F3D-A486-97B3C660B53F}.Debug|Any CPU.Build.0 = Debug|Any CPU
		{1977E35F-CCF2-4F3D-A486-97B3C660B53F}.Release|Any CPU.ActiveCfg = Release|Any CPU
		{1977E35F-CCF2-4F3D-A486-97B3C660B53F}.Release|Any CPU.Build.0 = Release|Any CPU
		{3FC66D0C-B029-441B-AF73-5C84501A034F}.Debug|Any CPU.ActiveCfg = Debug|Any CPU
		{3FC66D0C-B029-441B-AF73-5C84501A034F}.Debug|Any CPU.Build.0 = Debug|Any CPU
		{3FC66D0C-B029-441B-AF73-5C84501A034F}.Release|Any CPU.ActiveCfg = Release|Any CPU
		{3FC66D0C-B029-441B-AF73-5C84501A034F}.Release|Any CPU.Build.0 = Release|Any CPU
	EndGlobalSection
	GlobalSection(SolutionProperties) = preSolution
		HideSolutionNode = FALSE
	EndGlobalSection
	GlobalSection(ExtensibilityGlobals) = postSolution
		SolutionGuid = {61F7FB11-1E47-470C-91E2-47F8143E1572}
	EndGlobalSection
EndGlobal
